
Microsoft Visual Studio Solution File, Format Version 12.00
# Visual Studio Version 16
VisualStudioVersion = 16.0.30717.126
MinimumVisualStudioVersion = 10.0.40219.1
Project("{FAE04EC0-301F-11D3-BF4B-00C04F79EFBC}") = "SpongeQR", "SpongeQR.csproj", "{80523B60-34A6-4552-A8A3-3A44F96651AD}"
EndProject
Project("{C7167F0D-BC9F-4E6E-AFE1-012C56B48DB5}") = "SpongeQR_Installer", "SpongeQR_Installer\SpongeQR_Installer.wapproj", "{91B6AFE8-EBFA-4C7D-9401-CBB2EB30617F}"
EndProject
Global
	GlobalSection(SolutionConfigurationPlatforms) = preSolution
		Debug|Any CPU = Debug|Any CPU
		Debug|ARM = Debug|ARM
		Debug|ARM64 = Debug|ARM64
		Debug|x64 = Debug|x64
		Debug|x86 = Debug|x86
		Release|Any CPU = Release|Any CPU
		Release|ARM = Release|ARM
		Release|ARM64 = Release|ARM64
		Release|x64 = Release|x64
		Release|x86 = Release|x86
	EndGlobalSection
	GlobalSection(ProjectConfigurationPlatforms) = postSolution
		{80523B60-34A6-4552-A8A3-3A44F96651AD}.Debug|Any CPU.ActiveCfg = Debug|Any CPU
		{80523B60-34A6-4552-A8A3-3A44F96651AD}.Debug|Any CPU.Build.0 = Debug|Any CPU
		{80523B60-34A6-4552-A8A3-3A44F96651AD}.Debug|ARM.ActiveCfg = Debug|Any CPU
		{80523B60-34A6-4552-A8A3-3A44F96651AD}.Debug|ARM.Build.0 = Debug|Any CPU
		{80523B60-34A6-4552-A8A3-3A44F96651AD}.Debug|ARM64.ActiveCfg = Debug|Any CPU
		{80523B60-34A6-4552-A8A3-3A44F96651AD}.Debug|ARM64.Build.0 = Debug|Any CPU
		{80523B60-34A6-4552-A8A3-3A44F96651AD}.Debug|x64.ActiveCfg = Debug|x64
		{80523B60-34A6-4552-A8A3-3A44F96651AD}.Debug|x64.Build.0 = Debug|x64
		{80523B60-34A6-4552-A8A3-3A44F96651AD}.Debug|x86.ActiveCfg = Debug|x86
		{80523B60-34A6-4552-A8A3-3A44F96651AD}.Debug|x86.Build.0 = Debug|x86
		{80523B60-34A6-4552-A8A3-3A44F96651AD}.Release|Any CPU.ActiveCfg = Release|x64
		{80523B60-34A6-4552-A8A3-3A44F96651AD}.Release|Any CPU.Build.0 = Release|x64
		{80523B60-34A6-4552-A8A3-3A44F96651AD}.Release|ARM.ActiveCfg = Release|Any CPU
		{80523B60-34A6-4552-A8A3-3A44F96651AD}.Release|ARM.Build.0 = Release|Any CPU
		{80523B60-34A6-4552-A8A3-3A44F96651AD}.Release|ARM64.ActiveCfg = Release|Any CPU
		{80523B60-34A6-4552-A8A3-3A44F96651AD}.Release|ARM64.Build.0 = Release|Any CPU
		{80523B60-34A6-4552-A8A3-3A44F96651AD}.Release|x64.ActiveCfg = Release|x64
		{80523B60-34A6-4552-A8A3-3A44F96651AD}.Release|x64.Build.0 = Release|x64
		{80523B60-34A6-4552-A8A3-3A44F96651AD}.Release|x86.ActiveCfg = Release|x86
		{80523B60-34A6-4552-A8A3-3A44F96651AD}.Release|x86.Build.0 = Release|x86
		{91B6AFE8-EBFA-4C7D-9401-CBB2EB30617F}.Debug|Any CPU.ActiveCfg = Debug|Any CPU
		{91B6AFE8-EBFA-4C7D-9401-CBB2EB30617F}.Debug|Any CPU.Build.0 = Debug|Any CPU
		{91B6AFE8-EBFA-4C7D-9401-CBB2EB30617F}.Debug|Any CPU.Deploy.0 = Debug|Any CPU
		{91B6AFE8-EBFA-4C7D-9401-CBB2EB30617F}.Debug|ARM.ActiveCfg = Debug|ARM
		{91B6AFE8-EBFA-4C7D-9401-CBB2EB30617F}.Debug|ARM.Build.0 = Debug|ARM
		{91B6AFE8-EBFA-4C7D-9401-CBB2EB30617F}.Debug|ARM.Deploy.0 = Debug|ARM
		{91B6AFE8-EBFA-4C7D-9401-CBB2EB30617F}.Debug|ARM64.ActiveCfg = Debug|ARM64
		{91B6AFE8-EBFA-4C7D-9401-CBB2EB30617F}.Debug|ARM64.Build.0 = Debug|ARM64
		{91B6AFE8-EBFA-4C7D-9401-CBB2EB30617F}.Debug|ARM64.Deploy.0 = Debug|ARM64
		{91B6AFE8-EBFA-4C7D-9401-CBB2EB30617F}.Debug|x64.ActiveCfg = Debug|x64
		{91B6AFE8-EBFA-4C7D-9401-CBB2EB30617F}.Debug|x64.Build.0 = Debug|x64
		{91B6AFE8-EBFA-4C7D-9401-CBB2EB30617F}.Debug|x64.Deploy.0 = Debug|x64
		{91B6AFE8-EBFA-4C7D-9401-CBB2EB30617F}.Debug|x86.ActiveCfg = Debug|x86
		{91B6AFE8-EBFA-4C7D-9401-CBB2EB30617F}.Debug|x86.Build.0 = Debug|x86
		{91B6AFE8-EBFA-4C7D-9401-CBB2EB30617F}.Debug|x86.Deploy.0 = Debug|x86
		{91B6AFE8-EBFA-4C7D-9401-CBB2EB30617F}.Release|Any CPU.ActiveCfg = Release|x64
		{91B6AFE8-EBFA-4C7D-9401-CBB2EB30617F}.Release|Any CPU.Build.0 = Release|x64
		{91B6AFE8-EBFA-4C7D-9401-CBB2EB30617F}.Release|Any CPU.Deploy.0 = Release|x64
		{91B6AFE8-EBFA-4C7D-9401-CBB2EB30617F}.Release|ARM.ActiveCfg = Release|ARM
		{91B6AFE8-EBFA-4C7D-9401-CBB2EB30617F}.Release|ARM.Build.0 = Release|ARM
		{91B6AFE8-EBFA-4C7D-9401-CBB2EB30617F}.Release|ARM.Deploy.0 = Release|ARM
		{91B6AFE8-EBFA-4C7D-9401-CBB2EB30617F}.Release|ARM64.ActiveCfg = Release|ARM64
		{91B6AFE8-EBFA-4C7D-9401-CBB2EB30617F}.Release|ARM64.Build.0 = Release|ARM64
		{91B6AFE8-EBFA-4C7D-9401-CBB2EB30617F}.Release|ARM64.Deploy.0 = Release|ARM64
		{91B6AFE8-EBFA-4C7D-9401-CBB2EB30617F}.Release|x64.ActiveCfg = Release|x64
		{91B6AFE8-EBFA-4C7D-9401-CBB2EB30617F}.Release|x64.Build.0 = Release|x64
		{91B6AFE8-EBFA-4C7D-9401-CBB2EB30617F}.Release|x64.Deploy.0 = Release|x64
		{91B6AFE8-EBFA-4C7D-9401-CBB2EB30617F}.Release|x86.ActiveCfg = Release|x86
		{91B6AFE8-EBFA-4C7D-9401-CBB2EB30617F}.Release|x86.Build.0 = Release|x86
		{91B6AFE8-EBFA-4C7D-9401-CBB2EB30617F}.Release|x86.Deploy.0 = Release|x86
	EndGlobalSection
	GlobalSection(SolutionProperties) = preSolution
		HideSolutionNode = FALSE
	EndGlobalSection
	GlobalSection(ExtensibilityGlobals) = postSolution
		SolutionGuid = {6D4208CA-EF62-494E-97BD-32B2C73198B6}
	EndGlobalSection
EndGlobal
